
Microsoft Visual Studio Solution File, Format Version 12.00
# Visual Studio Version 16
VisualStudioVersion = 16.0.810.6
MinimumVisualStudioVersion = 10.0.40219.1
Project("{FAE04EC0-301F-11D3-BF4B-00C04F79EFBC}") = "Xamarin.Plugins.BottomSheet", "Xamarin.Plugins.BottomSheet\Xamarin.Plugins.BottomSheet.csproj", "{749EAE1C-723B-4854-8805-63B88FFEBBCF}"
EndProject
Project("{FAE04EC0-301F-11D3-BF4B-00C04F79EFBC}") = "Xamarin.Plugins.BottomSheet.Sample.Android", "Xamarin.Plugins.BottomSheet.Sample.Android\Xamarin.Plugins.BottomSheet.Sample.Android.csproj", "{B7A11558-4646-482B-A7C2-742493C699B5}"
EndProject
Project("{FAE04EC0-301F-11D3-BF4B-00C04F79EFBC}") = "Xamarin.Plugins.BottomSheet.Sample.iOS", "Xamarin.Plugins.BottomSheet.Sample.iOS\Xamarin.Plugins.BottomSheet.Sample.iOS.csproj", "{C0BD57EF-9D3F-41BA-A3C2-DF6F378AF0B5}"
EndProject
Project("{FAE04EC0-301F-11D3-BF4B-00C04F79EFBC}") = "Xamarin.Plugins.BottomSheet.Sample", "Xamarin.Plugins.BottomSheet.Sample\Xamarin.Plugins.BottomSheet.Sample.csproj", "{120506BE-C2D4-42BC-8576-5C3280992196}"
EndProject
Global
	GlobalSection(SolutionConfigurationPlatforms) = preSolution
		Debug|Any CPU = Debug|Any CPU
		Release|Any CPU = Release|Any CPU
		Debug|iPhoneSimulator = Debug|iPhoneSimulator
		Release|iPhoneSimulator = Release|iPhoneSimulator
		Debug|iPhone = Debug|iPhone
		Release|iPhone = Release|iPhone
	EndGlobalSection
	GlobalSection(ProjectConfigurationPlatforms) = postSolution
		{749EAE1C-723B-4854-8805-63B88FFEBBCF}.Debug|Any CPU.ActiveCfg = Debug|Any CPU
		{749EAE1C-723B-4854-8805-63B88FFEBBCF}.Debug|Any CPU.Build.0 = Debug|Any CPU
		{749EAE1C-723B-4854-8805-63B88FFEBBCF}.Release|Any CPU.ActiveCfg = Release|Any CPU
		{749EAE1C-723B-4854-8805-63B88FFEBBCF}.Release|Any CPU.Build.0 = Release|Any CPU
		{749EAE1C-723B-4854-8805-63B88FFEBBCF}.Debug|iPhoneSimulator.ActiveCfg = Debug|Any CPU
		{749EAE1C-723B-4854-8805-63B88FFEBBCF}.Debug|iPhoneSimulator.Build.0 = Debug|Any CPU
		{749EAE1C-723B-4854-8805-63B88FFEBBCF}.Release|iPhoneSimulator.ActiveCfg = Release|Any CPU
		{749EAE1C-723B-4854-8805-63B88FFEBBCF}.Release|iPhoneSimulator.Build.0 = Release|Any CPU
		{749EAE1C-723B-4854-8805-63B88FFEBBCF}.Debug|iPhone.ActiveCfg = Debug|Any CPU
		{749EAE1C-723B-4854-8805-63B88FFEBBCF}.Debug|iPhone.Build.0 = Debug|Any CPU
		{749EAE1C-723B-4854-8805-63B88FFEBBCF}.Release|iPhone.ActiveCfg = Release|Any CPU
		{749EAE1C-723B-4854-8805-63B88FFEBBCF}.Release|iPhone.Build.0 = Release|Any CPU
		{B7A11558-4646-482B-A7C2-742493C699B5}.Debug|Any CPU.ActiveCfg = Debug|Any CPU
		{B7A11558-4646-482B-A7C2-742493C699B5}.Debug|Any CPU.Build.0 = Debug|Any CPU
		{B7A11558-4646-482B-A7C2-742493C699B5}.Release|Any CPU.ActiveCfg = Release|Any CPU
		{B7A11558-4646-482B-A7C2-742493C699B5}.Release|Any CPU.Build.0 = Release|Any CPU
		{B7A11558-4646-482B-A7C2-742493C699B5}.Debug|iPhoneSimulator.ActiveCfg = Debug|Any CPU
		{B7A11558-4646-482B-A7C2-742493C699B5}.Debug|iPhoneSimulator.Build.0 = Debug|Any CPU
		{B7A11558-4646-482B-A7C2-742493C699B5}.Release|iPhoneSimulator.ActiveCfg = Release|Any CPU
		{B7A11558-4646-482B-A7C2-742493C699B5}.Release|iPhoneSimulator.Build.0 = Release|Any CPU
		{B7A11558-4646-482B-A7C2-742493C699B5}.Debug|iPhone.ActiveCfg = Debug|Any CPU
		{B7A11558-4646-482B-A7C2-742493C699B5}.Debug|iPhone.Build.0 = Debug|Any CPU
		{B7A11558-4646-482B-A7C2-742493C699B5}.Release|iPhone.ActiveCfg = Release|Any CPU
		{B7A11558-4646-482B-A7C2-742493C699B5}.Release|iPhone.Build.0 = Release|Any CPU
		{C0BD57EF-9D3F-41BA-A3C2-DF6F378AF0B5}.Debug|Any CPU.ActiveCfg = Debug|iPhoneSimulator
		{C0BD57EF-9D3F-41BA-A3C2-DF6F378AF0B5}.Debug|Any CPU.Build.0 = Debug|iPhoneSimulator
		{C0BD57EF-9D3F-41BA-A3C2-DF6F378AF0B5}.Release|Any CPU.ActiveCfg = Release|iPhoneSimulator
		{C0BD57EF-9D3F-41BA-A3C2-DF6F378AF0B5}.Release|Any CPU.Build.0 = Release|iPhoneSimulator
		{C0BD57EF-9D3F-41BA-A3C2-DF6F378AF0B5}.Debug|iPhoneSimulator.ActiveCfg = Debug|iPhoneSimulator
		{C0BD57EF-9D3F-41BA-A3C2-DF6F378AF0B5}.Debug|iPhoneSimulator.Build.0 = Debug|iPhoneSimulator
		{C0BD57EF-9D3F-41BA-A3C2-DF6F378AF0B5}.Release|iPhoneSimulator.ActiveCfg = Release|iPhoneSimulator
		{C0BD57EF-9D3F-41BA-A3C2-DF6F378AF0B5}.Release|iPhoneSimulator.Build.0 = Release|iPhoneSimulator
		{C0BD57EF-9D3F-41BA-A3C2-DF6F378AF0B5}.Debug|iPhone.ActiveCfg = Debug|iPhone
		{C0BD57EF-9D3F-41BA-A3C2-DF6F378AF0B5}.Debug|iPhone.Build.0 = Debug|iPhone
		{C0BD57EF-9D3F-41BA-A3C2-DF6F378AF0B5}.Release|iPhone.ActiveCfg = Release|iPhone
		{C0BD57EF-9D3F-41BA-A3C2-DF6F378AF0B5}.Release|iPhone.Build.0 = Release|iPhone
		{120506BE-C2D4-42BC-8576-5C3280992196}.Debug|Any CPU.ActiveCfg = Debug|Any CPU
		{120506BE-C2D4-42BC-8576-5C3280992196}.Debug|Any CPU.Build.0 = Debug|Any CPU
		{120506BE-C2D4-42BC-8576-5C3280992196}.Release|Any CPU.ActiveCfg = Release|Any CPU
		{120506BE-C2D4-42BC-8576-5C3280992196}.Release|Any CPU.Build.0 = Release|Any CPU
		{120506BE-C2D4-42BC-8576-5C3280992196}.Debug|iPhoneSimulator.ActiveCfg = Debug|Any CPU
		{120506BE-C2D4-42BC-8576-5C3280992196}.Debug|iPhoneSimulator.Build.0 = Debug|Any CPU
		{120506BE-C2D4-42BC-8576-5C3280992196}.Release|iPhoneSimulator.ActiveCfg = Release|Any CPU
		{120506BE-C2D4-42BC-8576-5C3280992196}.Release|iPhoneSimulator.Build.0 = Release|Any CPU
		{120506BE-C2D4-42BC-8576-5C3280992196}.Debug|iPhone.ActiveCfg = Debug|Any CPU
		{120506BE-C2D4-42BC-8576-5C3280992196}.Debug|iPhone.Build.0 = Debug|Any CPU
		{120506BE-C2D4-42BC-8576-5C3280992196}.Release|iPhone.ActiveCfg = Release|Any CPU
		{120506BE-C2D4-42BC-8576-5C3280992196}.Release|iPhone.Build.0 = Release|Any CPU
	EndGlobalSection
	GlobalSection(SolutionProperties) = preSolution
		HideSolutionNode = FALSE
	EndGlobalSection
	GlobalSection(ExtensibilityGlobals) = postSolution
		SolutionGuid = {3A0D685B-70DF-4892-BADA-2E1931415C28}
	EndGlobalSection
EndGlobal
